
Microsoft Visual Studio Solution File, Format Version 12.00
# Visual Studio Version 17
VisualStudioVersion = 17.11.35303.130
MinimumVisualStudioVersion = 10.0.40219.1
Project("{9A19103F-16F7-4668-BE54-9A1E7A4F7556}") = "courses-platform", "courses-platform.csproj", "{B79A673E-E5F8-499B-820F-6DDD9E2F43C2}"
EndProject
Global
	GlobalSection(SolutionConfigurationPlatforms) = preSolution
		Debug|Any CPU = Debug|Any CPU
		Release|Any CPU = Release|Any CPU
	EndGlobalSection
	GlobalSection(ProjectConfigurationPlatforms) = postSolution
		{B79A673E-E5F8-499B-820F-6DDD9E2F43C2}.Debug|Any CPU.ActiveCfg = Debug|Any CPU
		{B79A673E-E5F8-499B-820F-6DDD9E2F43C2}.Debug|Any CPU.Build.0 = Debug|Any CPU
		{B79A673E-E5F8-499B-820F-6DDD9E2F43C2}.Release|Any CPU.ActiveCfg = Release|Any CPU
		{B79A673E-E5F8-499B-820F-6DDD9E2F43C2}.Release|Any CPU.Build.0 = Release|Any CPU
	EndGlobalSection
	GlobalSection(SolutionProperties) = preSolution
		HideSolutionNode = FALSE
	EndGlobalSection
	GlobalSection(ExtensibilityGlobals) = postSolution
		SolutionGuid = {4725DEB1-5638-4E11-AFEF-95DABE37A626}
	EndGlobalSection
EndGlobal
